
Microsoft Visual Studio Solution File, Format Version 12.00
# Visual Studio 2012
Project("{FAE04EC0-301F-11D3-BF4B-00C04F79EFBC}") = "ListBox_Test", "ListBox_Test\ListBox_Test.csproj", "{22013E84-0028-4680-A3E8-85C2149C6C86}"
EndProject
Global
	GlobalSection(SolutionConfigurationPlatforms) = preSolution
		Debug|Any CPU = Debug|Any CPU
		Release|Any CPU = Release|Any CPU
	EndGlobalSection
	GlobalSection(ProjectConfigurationPlatforms) = postSolution
		{22013E84-0028-4680-A3E8-85C2149C6C86}.Debug|Any CPU.ActiveCfg = Debug|Any CPU
		{22013E84-0028-4680-A3E8-85C2149C6C86}.Debug|Any CPU.Build.0 = Debug|Any CPU
		{22013E84-0028-4680-A3E8-85C2149C6C86}.Release|Any CPU.ActiveCfg = Release|Any CPU
		{22013E84-0028-4680-A3E8-85C2149C6C86}.Release|Any CPU.Build.0 = Release|Any CPU
	EndGlobalSection
	GlobalSection(SolutionProperties) = preSolution
		HideSolutionNode = FALSE
	EndGlobalSection
EndGlobal
